#MicroXplorer Configuration settings - do not modify
CAD.formats=
CAD.pinconfig=
CAD.provider=
CORTEX_M7.AccessPermission_S-Cortex_Memory_Protection_Unit_Region4_Settings_S=MPU_REGION_FULL_ACCESS
CORTEX_M7.BaseAddress_S-Cortex_Memory_Protection_Unit_Region4_Settings_S=0xC0000000
CORTEX_M7.DisableExec_S-Cortex_Memory_Protection_Unit_Region4_Settings_S=MPU_INSTRUCTION_ACCESS_DISABLE
CORTEX_M7.Enable_S-Cortex_Memory_Protection_Unit_Region4_Settings_S=MPU_REGION_ENABLE
CORTEX_M7.IPParameters=default_mode_Activation,Enable_S-Cortex_Memory_Protection_Unit_Region4_Settings_S,BaseAddress_S-Cortex_Memory_Protection_Unit_Region4_Settings_S,TypeExtField_S-Cortex_Memory_Protection_Unit_Region4_Settings_S,AccessPermission_S-Cortex_Memory_Protection_Unit_Region4_Settings_S,DisableExec_S-Cortex_Memory_Protection_Unit_Region4_Settings_S,IsShareable_S-Cortex_Memory_Protection_Unit_Region4_Settings_S,SubRegionDisable_S-Cortex_Memory_Protection_Unit_Region4_Settings_S,Size_S-Cortex_Memory_Protection_Unit_Region4_Settings_S
CORTEX_M7.IsShareable_S-Cortex_Memory_Protection_Unit_Region4_Settings_S=MPU_ACCESS_SHAREABLE
CORTEX_M7.Size_S-Cortex_Memory_Protection_Unit_Region4_Settings_S=MPU_REGION_SIZE_32MB
CORTEX_M7.SubRegionDisable_S-Cortex_Memory_Protection_Unit_Region4_Settings_S=0x0
CORTEX_M7.TypeExtField_S-Cortex_Memory_Protection_Unit_Region4_Settings_S=MPU_TEX_LEVEL1
CORTEX_M7.default_mode_Activation=1
DCMI.IPParameters=PCKPolarity,VSPolarity
DCMI.PCKPolarity=DCMI_PCKPOLARITY_RISING
DCMI.VSPolarity=DCMI_VSPOLARITY_HIGH
Dma.DCMI.1.Direction=DMA_PERIPH_TO_MEMORY
Dma.DCMI.1.EventEnable=DISABLE
Dma.DCMI.1.FIFOMode=DMA_FIFOMODE_DISABLE
Dma.DCMI.1.Instance=DMA1_Stream1
Dma.DCMI.1.MemDataAlignment=DMA_MDATAALIGN_WORD
Dma.DCMI.1.MemInc=DMA_MINC_ENABLE
Dma.DCMI.1.Mode=DMA_NORMAL
Dma.DCMI.1.PeriphDataAlignment=DMA_PDATAALIGN_WORD
Dma.DCMI.1.PeriphInc=DMA_PINC_DISABLE
Dma.DCMI.1.Polarity=HAL_DMAMUX_REQ_GEN_RISING
Dma.DCMI.1.Priority=DMA_PRIORITY_LOW
Dma.DCMI.1.RequestNumber=1
Dma.DCMI.1.RequestParameters=Instance,Direction,PeriphInc,MemInc,PeriphDataAlignment,MemDataAlignment,Mode,Priority,FIFOMode,SignalID,Polarity,RequestNumber,SyncSignalID,SyncPolarity,SyncEnable,EventEnable,SyncRequestNumber
Dma.DCMI.1.SignalID=NONE
Dma.DCMI.1.SyncEnable=DISABLE
Dma.DCMI.1.SyncPolarity=HAL_DMAMUX_SYNC_NO_EVENT
Dma.DCMI.1.SyncRequestNumber=1
Dma.DCMI.1.SyncSignalID=NONE
Dma.Request0=SPI1_TX
Dma.Request1=DCMI
Dma.RequestsNb=2
Dma.SPI1_TX.0.Direction=DMA_MEMORY_TO_PERIPH
Dma.SPI1_TX.0.EventEnable=DISABLE
Dma.SPI1_TX.0.FIFOMode=DMA_FIFOMODE_DISABLE
Dma.SPI1_TX.0.Instance=DMA1_Stream0
Dma.SPI1_TX.0.MemDataAlignment=DMA_MDATAALIGN_BYTE
Dma.SPI1_TX.0.MemInc=DMA_MINC_ENABLE
Dma.SPI1_TX.0.Mode=DMA_NORMAL
Dma.SPI1_TX.0.PeriphDataAlignment=DMA_PDATAALIGN_BYTE
Dma.SPI1_TX.0.PeriphInc=DMA_PINC_DISABLE
Dma.SPI1_TX.0.Polarity=HAL_DMAMUX_REQ_GEN_RISING
Dma.SPI1_TX.0.Priority=DMA_PRIORITY_LOW
Dma.SPI1_TX.0.RequestNumber=1
Dma.SPI1_TX.0.RequestParameters=Instance,Direction,PeriphInc,MemInc,PeriphDataAlignment,MemDataAlignment,Mode,Priority,FIFOMode,SignalID,Polarity,RequestNumber,SyncSignalID,SyncPolarity,SyncEnable,EventEnable,SyncRequestNumber
Dma.SPI1_TX.0.SignalID=NONE
Dma.SPI1_TX.0.SyncEnable=DISABLE
Dma.SPI1_TX.0.SyncPolarity=HAL_DMAMUX_SYNC_NO_EVENT
Dma.SPI1_TX.0.SyncRequestNumber=1
Dma.SPI1_TX.0.SyncSignalID=NONE
FMC.CASLatency1=FMC_SDRAM_CAS_LATENCY_2
FMC.ColumnBitsNumber1=FMC_SDRAM_COLUMN_BITS_NUM_9
FMC.ExitSelfRefreshDelay1=9
FMC.IPParameters=ColumnBitsNumber1,CASLatency1,SDClockPeriod1,ReadBurst1,LoadToActiveDelay1,ExitSelfRefreshDelay1,SelfRefreshTime1,RowCycleDelay1,WriteRecoveryTime1,RPDelay1,RCDDelay1
FMC.LoadToActiveDelay1=2
FMC.RCDDelay1=3
FMC.RPDelay1=3
FMC.ReadBurst1=FMC_SDRAM_RBURST_ENABLE
FMC.RowCycleDelay1=8
FMC.SDClockPeriod1=FMC_SDRAM_CLOCK_PERIOD_2
FMC.SelfRefreshTime1=6
FMC.WriteRecoveryTime1=3
FREERTOS.FootprintOK=true
FREERTOS.IPParameters=Tasks01,configUSE_NEWLIB_REENTRANT,FootprintOK
FREERTOS.Tasks01=defaultTask,0,128,StartDefaultTask,Default,NULL,Dynamic,NULL,NULL;myListenerTask,0,128,ListenerTask,Default,NULL,Dynamic,NULL,NULL;myControllerTas,0,128,ControllerTask,Default,NULL,Dynamic,NULL,NULL;myPresenterTask,0,128,PresenterTask,Default,NULL,Dynamic,NULL,NULL
FREERTOS.configUSE_NEWLIB_REENTRANT=1
File.Version=6
GPIO.groupedBy=Group By Peripherals
KeepUserPlacement=false
MMTAppRegionsCount=0
MMTConfigApplied=false
Mcu.CPN=STM32H743XIH6
Mcu.Family=STM32H7
Mcu.IP0=CORTEX_M7
Mcu.IP1=DCMI
Mcu.IP10=SYS
Mcu.IP11=TIM2
Mcu.IP12=TIM3
Mcu.IP13=USART1
Mcu.IP14=USB_DEVICE
Mcu.IP15=USB_OTG_FS
Mcu.IP2=DEBUG
Mcu.IP3=DMA
Mcu.IP4=FMC
Mcu.IP5=FREERTOS
Mcu.IP6=MEMORYMAP
Mcu.IP7=NVIC
Mcu.IP8=RCC
Mcu.IP9=SPI1
Mcu.IPNb=16
Mcu.Name=STM32H743XIHx
Mcu.Package=TFBGA240
Mcu.Pin0=PI6
Mcu.Pin1=PI5
Mcu.Pin10=PA13 (JTMS/SWDIO)
Mcu.Pin11=PG15
Mcu.Pin12=PG14
Mcu.Pin13=PD0
Mcu.Pin14=PA9
Mcu.Pin15=PC13
Mcu.Pin16=PE6
Mcu.Pin17=PD1
Mcu.Pin18=PC9
Mcu.Pin19=PA12
Mcu.Pin2=PI4
Mcu.Pin20=PA11
Mcu.Pin21=PC6
Mcu.Pin22=PG8
Mcu.Pin23=PF2
Mcu.Pin24=PF1
Mcu.Pin25=PF0
Mcu.Pin26=PG5
Mcu.Pin27=PF3
Mcu.Pin28=PG4
Mcu.Pin29=PG2
Mcu.Pin3=PI7
Mcu.Pin30=PH1-OSC_OUT (PH1)
Mcu.Pin31=PH0-OSC_IN (PH0)
Mcu.Pin32=PF5
Mcu.Pin33=PF4
Mcu.Pin34=PC0
Mcu.Pin35=PH2
Mcu.Pin36=PE10
Mcu.Pin37=PH3
Mcu.Pin38=PF13
Mcu.Pin39=PF14
Mcu.Pin4=PE1
Mcu.Pin40=PE9
Mcu.Pin41=PE11
Mcu.Pin42=PH10
Mcu.Pin43=PH11
Mcu.Pin44=PD15
Mcu.Pin45=PD14
Mcu.Pin46=PA6
Mcu.Pin47=PA7
Mcu.Pin48=PF12
Mcu.Pin49=PF15
Mcu.Pin5=PB4 (NJTRST)
Mcu.Pin50=PE12
Mcu.Pin51=PE15
Mcu.Pin52=PH9
Mcu.Pin53=PH12
Mcu.Pin54=PA5
Mcu.Pin55=PF11
Mcu.Pin56=PG0
Mcu.Pin57=PE8
Mcu.Pin58=PE13
Mcu.Pin59=PH8
Mcu.Pin6=PA14 (JTCK/SWCLK)
Mcu.Pin60=PD10
Mcu.Pin61=PD9
Mcu.Pin62=PG1
Mcu.Pin63=PE7
Mcu.Pin64=PE14
Mcu.Pin65=PD8
Mcu.Pin66=VP_FREERTOS_VS_CMSIS_V1
Mcu.Pin67=VP_SYS_VS_tim17
Mcu.Pin68=VP_TIM2_VS_ClockSourceINT
Mcu.Pin69=VP_TIM3_VS_ClockSourceINT
Mcu.Pin7=PH14
Mcu.Pin70=VP_USB_DEVICE_VS_USB_DEVICE_HID_FS
Mcu.Pin71=VP_MEMORYMAP_VS_MEMORYMAP
Mcu.Pin8=PE0
Mcu.Pin9=PB7
Mcu.PinsNb=72
Mcu.ThirdPartyNb=0
Mcu.UserConstants=
Mcu.UserName=STM32H743XIHx
MxCube.Version=6.14.1
MxDb.Version=DB.6.0.141
NVIC.BusFault_IRQn=true\:0\:0\:false\:false\:true\:false\:false\:false\:false
NVIC.DCMI_IRQn=true\:5\:0\:false\:false\:true\:true\:true\:true\:true
NVIC.DMA1_Stream0_IRQn=true\:5\:0\:false\:false\:true\:true\:false\:true\:true
NVIC.DMA1_Stream1_IRQn=true\:5\:0\:false\:false\:true\:true\:false\:true\:true
NVIC.DebugMonitor_IRQn=true\:0\:0\:false\:false\:true\:false\:false\:false\:false
NVIC.ForceEnableDMAVector=true
NVIC.HardFault_IRQn=true\:0\:0\:false\:false\:true\:false\:false\:false\:false
NVIC.MemoryManagement_IRQn=true\:0\:0\:false\:false\:true\:false\:false\:false\:false
NVIC.NonMaskableInt_IRQn=true\:0\:0\:false\:false\:true\:false\:false\:false\:false
NVIC.OTG_FS_IRQn=true\:5\:0\:true\:false\:true\:true\:false\:true\:true
NVIC.PendSV_IRQn=true\:15\:0\:false\:false\:false\:true\:false\:false\:false
NVIC.PriorityGroup=NVIC_PRIORITYGROUP_4
NVIC.SPI1_IRQn=true\:5\:0\:false\:false\:true\:true\:false\:true\:true
NVIC.SVCall_IRQn=true\:0\:0\:false\:false\:false\:false\:false\:false\:false
NVIC.SavedPendsvIrqHandlerGenerated=true
NVIC.SavedSvcallIrqHandlerGenerated=true
NVIC.SavedSystickIrqHandlerGenerated=true
NVIC.SysTick_IRQn=true\:15\:0\:false\:false\:false\:true\:false\:true\:false
NVIC.TIM17_IRQn=true\:15\:0\:false\:false\:true\:false\:false\:true\:true
NVIC.TIM2_IRQn=true\:5\:0\:false\:false\:true\:true\:true\:true\:true
NVIC.TIM3_IRQn=true\:5\:0\:false\:false\:true\:true\:true\:true\:true
NVIC.TimeBase=TIM17_IRQn
NVIC.TimeBaseIP=TIM17
NVIC.USART1_IRQn=true\:5\:0\:true\:false\:true\:true\:true\:true\:true
NVIC.UsageFault_IRQn=true\:0\:0\:false\:false\:true\:false\:false\:false\:false
PA11.Mode=Device_Only
PA11.Signal=USB_OTG_FS_DM
PA12.Mode=Device_Only
PA12.Signal=USB_OTG_FS_DP
PA13\ (JTMS/SWDIO).Mode=Serial_Wire
PA13\ (JTMS/SWDIO).Signal=DEBUG_JTMS-SWDIO
PA14\ (JTCK/SWCLK).Mode=Serial_Wire
PA14\ (JTCK/SWCLK).Signal=DEBUG_JTCK-SWCLK
PA5.Locked=true
PA5.Mode=TX_Only_Simplex_Unidirect_Master
PA5.Signal=SPI1_SCK
PA6.Mode=Slave_8_bits_External_Synchro
PA6.Signal=DCMI_PIXCLK
PA7.Locked=true
PA7.Mode=TX_Only_Simplex_Unidirect_Master
PA7.Signal=SPI1_MOSI
PA9.Locked=true
PA9.Mode=Asynchronous
PA9.Signal=USART1_TX
PB4\ (NJTRST).GPIOParameters=GPIO_Label
PB4\ (NJTRST).GPIO_Label=ILI9341_DC
PB4\ (NJTRST).Locked=true
PB4\ (NJTRST).Signal=GPIO_Output
PB7.Locked=true
PB7.Mode=Asynchronous
PB7.Signal=USART1_RX
PC0.Signal=FMC_SDNWE
PC13.GPIOParameters=GPIO_Label
PC13.GPIO_Label=LED
PC13.Locked=true
PC13.Signal=GPIO_Output
PC6.Signal=S_TIM3_CH1
PC9.Mode=Clock-out-2
PC9.Signal=RCC_MCO_2
PD0.Signal=FMC_D2_DA2
PD1.Signal=FMC_D3_DA3
PD10.Signal=FMC_D15_DA15
PD14.Signal=FMC_D0_DA0
PD15.Signal=FMC_D1_DA1
PD8.Signal=FMC_D13_DA13
PD9.Signal=FMC_D14_DA14
PE0.Signal=FMC_NBL0
PE1.Signal=FMC_NBL1
PE10.Signal=FMC_D7_DA7
PE11.Signal=FMC_D8_DA8
PE12.Signal=FMC_D9_DA9
PE13.Signal=FMC_D10_DA10
PE14.Signal=FMC_D11_DA11
PE15.Signal=FMC_D12_DA12
PE6.GPIOParameters=GPIO_Label
PE6.GPIO_Label=ILI9341_CS
PE6.Locked=true
PE6.Signal=GPIO_Output
PE7.Signal=FMC_D4_DA4
PE8.Signal=FMC_D5_DA5
PE9.Signal=FMC_D6_DA6
PF0.Signal=FMC_A0
PF1.Signal=FMC_A1
PF11.Signal=FMC_SDNRAS
PF12.Signal=FMC_A6
PF13.Signal=FMC_A7
PF14.Signal=FMC_A8
PF15.Signal=FMC_A9
PF2.Signal=FMC_A2
PF3.Signal=FMC_A3
PF4.Signal=FMC_A4
PF5.Signal=FMC_A5
PG0.Signal=FMC_A10
PG1.Signal=FMC_A11
PG14.Locked=true
PG14.Signal=GPIO_Input
PG15.Signal=FMC_SDNCAS
PG2.Signal=FMC_A12
PG4.Signal=FMC_A14_BA0
PG5.Signal=FMC_A15_BA1
PG8.Signal=FMC_SDCLK
PH0-OSC_IN\ (PH0).Mode=HSE-External-Oscillator
PH0-OSC_IN\ (PH0).Signal=RCC_OSC_IN
PH1-OSC_OUT\ (PH1).Mode=HSE-External-Oscillator
PH1-OSC_OUT\ (PH1).Signal=RCC_OSC_OUT
PH10.Locked=true
PH10.Mode=Slave_8_bits_External_Synchro
PH10.Signal=DCMI_D1
PH11.Locked=true
PH11.Mode=Slave_8_bits_External_Synchro
PH11.Signal=DCMI_D2
PH12.Locked=true
PH12.Mode=Slave_8_bits_External_Synchro
PH12.Signal=DCMI_D3
PH14.Locked=true
PH14.Mode=Slave_8_bits_External_Synchro
PH14.Signal=DCMI_D4
PH2.Locked=true
PH2.Mode=SdramChipSelect1_1
PH2.Signal=FMC_SDCKE0
PH3.Locked=true
PH3.Mode=SdramChipSelect1_1
PH3.Signal=FMC_SDNE0
PH8.Mode=Slave_8_bits_External_Synchro
PH8.Signal=DCMI_HSYNC
PH9.Locked=true
PH9.Mode=Slave_8_bits_External_Synchro
PH9.Signal=DCMI_D0
PI4.Mode=Slave_8_bits_External_Synchro
PI4.Signal=DCMI_D5
PI5.Mode=Slave_8_bits_External_Synchro
PI5.Signal=DCMI_VSYNC
PI6.Mode=Slave_8_bits_External_Synchro
PI6.Signal=DCMI_D6
PI7.Mode=Slave_8_bits_External_Synchro
PI7.Signal=DCMI_D7
PinOutPanel.CurrentBGAView=Top
PinOutPanel.RotationAngle=0
ProjectManager.AskForMigrate=true
ProjectManager.BackupPrevious=false
ProjectManager.CompilerLinker=GCC
ProjectManager.CompilerOptimize=6
ProjectManager.ComputerToolchain=false
ProjectManager.CoupleFile=true
ProjectManager.CustomerFirmwarePackage=
ProjectManager.DefaultFWLocation=true
ProjectManager.DeletePrevious=true
ProjectManager.DeviceId=STM32H743XIHx
ProjectManager.FirmwarePackage=STM32Cube FW_H7 V1.12.1
ProjectManager.FreePins=false
ProjectManager.HalAssertFull=false
ProjectManager.HeapSize=0x200
ProjectManager.KeepUserCode=true
ProjectManager.LastFirmware=true
ProjectManager.LibraryCopy=1
ProjectManager.MainLocation=Core/Src
ProjectManager.NoMain=false
ProjectManager.PreviousToolchain=
ProjectManager.ProjectBuild=false
ProjectManager.ProjectFileName=250725_UART_PC.ioc
ProjectManager.ProjectName=250725_UART_PC
ProjectManager.ProjectStructure=
ProjectManager.RegisterCallBack=
ProjectManager.StackSize=0x400
ProjectManager.TargetToolchain=STM32CubeIDE
ProjectManager.ToolChainLocation=
ProjectManager.UAScriptAfterPath=
ProjectManager.UAScriptBeforePath=
ProjectManager.UnderRoot=true
ProjectManager.functionlistsort=1-SystemClock_Config-RCC-false-HAL-false,2-MX_GPIO_Init-GPIO-false-HAL-true,3-MX_DMA_Init-DMA-false-HAL-true,4-MX_SPI1_Init-SPI1-false-HAL-true,5-MX_FMC_Init-FMC-false-HAL-true,6-MX_DCMI_Init-DCMI-false-HAL-true,7-MX_I2C1_Init-I2C1-false-HAL-true,7-MX_USB_DEVICE_Init-USB_DEVICE-false-HAL-false,8-MX_USART1_UART_Init-USART1-false-HAL-true,9-MX_TIM2_Init-TIM2-false-HAL-true,10-MX_TIM3_Init-TIM3-false-HAL-true,0-MX_CORTEX_M7_Init-CORTEX_M7-false-HAL-true
RCC.ADCFreq_Value=96000000
RCC.AHB12Freq_Value=240000000
RCC.AHB4Freq_Value=240000000
RCC.APB1Freq_Value=120000000
RCC.APB2Freq_Value=120000000
RCC.APB3Freq_Value=120000000
RCC.APB4Freq_Value=120000000
RCC.AXIClockFreq_Value=240000000
RCC.CECFreq_Value=32000
RCC.CKPERFreq_Value=64000000
RCC.CortexFreq_Value=480000000
RCC.CpuClockFreq_Value=480000000
RCC.D1CPREFreq_Value=480000000
RCC.D1PPRE=RCC_APB3_DIV2
RCC.D2PPRE1=RCC_APB1_DIV2
RCC.D2PPRE2=RCC_APB2_DIV2
RCC.D3PPRE=RCC_APB4_DIV2
RCC.DFSDMACLkFreq_Value=480000000
RCC.DFSDMFreq_Value=120000000
RCC.DIVM1=5
RCC.DIVM2=25
RCC.DIVM3=25
RCC.DIVN1=192
RCC.DIVN2=192
RCC.DIVN3=200
RCC.DIVP1Freq_Value=480000000
RCC.DIVP2Freq_Value=96000000
RCC.DIVP3Freq_Value=100000000
RCC.DIVQ1Freq_Value=480000000
RCC.DIVQ2Freq_Value=96000000
RCC.DIVQ3Freq_Value=100000000
RCC.DIVR1Freq_Value=480000000
RCC.DIVR2Freq_Value=96000000
RCC.DIVR3Freq_Value=100000000
RCC.FDCANFreq_Value=480000000
RCC.FMCFreq_Value=240000000
RCC.FamilyName=M
RCC.HCLK3ClockFreq_Value=240000000
RCC.HCLKFreq_Value=240000000
RCC.HPRE=RCC_HCLK_DIV2
RCC.HRTIMFreq_Value=240000000
RCC.HSE_VALUE=25000000
RCC.I2C123Freq_Value=120000000
RCC.I2C4Freq_Value=120000000
RCC.IPParameters=ADCFreq_Value,AHB12Freq_Value,AHB4Freq_Value,APB1Freq_Value,APB2Freq_Value,APB3Freq_Value,APB4Freq_Value,AXIClockFreq_Value,CECFreq_Value,CKPERFreq_Value,CortexFreq_Value,CpuClockFreq_Value,D1CPREFreq_Value,D1PPRE,D2PPRE1,D2PPRE2,D3PPRE,DFSDMACLkFreq_Value,DFSDMFreq_Value,DIVM1,DIVM2,DIVM3,DIVN1,DIVN2,DIVN3,DIVP1Freq_Value,DIVP2Freq_Value,DIVP3Freq_Value,DIVQ1Freq_Value,DIVQ2Freq_Value,DIVQ3Freq_Value,DIVR1Freq_Value,DIVR2Freq_Value,DIVR3Freq_Value,FDCANFreq_Value,FMCFreq_Value,FamilyName,HCLK3ClockFreq_Value,HCLKFreq_Value,HPRE,HRTIMFreq_Value,HSE_VALUE,I2C123Freq_Value,I2C4Freq_Value,LPTIM1Freq_Value,LPTIM2Freq_Value,LPTIM345Freq_Value,LPUART1Freq_Value,LTDCFreq_Value,MCO1PinFreq_Value,MCO2PinFreq_Value,PLLFRACN,PLLSourceVirtual,QSPIFreq_Value,RCC_MCO2Source,RCC_MCODiv2,RNGFreq_Value,RTCFreq_Value,SAI1Freq_Value,SAI23Freq_Value,SAI4AFreq_Value,SAI4BFreq_Value,SDMMCFreq_Value,SPDIFRXFreq_Value,SPI123CLockSelection,SPI123Freq_Value,SPI45Freq_Value,SPI6Freq_Value,SWPMI1Freq_Value,SYSCLKFreq_VALUE,SYSCLKSource,Tim1OutputFreq_Value,Tim2OutputFreq_Value,TraceFreq_Value,USART16Freq_Value,USART234578Freq_Value,USBCLockSelection,USBFreq_Value,VCO1OutputFreq_Value,VCO2OutputFreq_Value,VCO3OutputFreq_Value,VCOInput1Freq_Value,VCOInput2Freq_Value,VCOInput3Freq_Value
RCC.LPTIM1Freq_Value=120000000
RCC.LPTIM2Freq_Value=120000000
RCC.LPTIM345Freq_Value=120000000
RCC.LPUART1Freq_Value=120000000
RCC.LTDCFreq_Value=100000000
RCC.MCO1PinFreq_Value=64000000
RCC.MCO2PinFreq_Value=24000000
RCC.PLLFRACN=0
RCC.PLLSourceVirtual=RCC_PLLSOURCE_HSE
RCC.QSPIFreq_Value=240000000
RCC.RCC_MCO2Source=RCC_MCO2SOURCE_PLL2PCLK
RCC.RCC_MCODiv2=RCC_MCODIV_4
RCC.RNGFreq_Value=48000000
RCC.RTCFreq_Value=32000
RCC.SAI1Freq_Value=480000000
RCC.SAI23Freq_Value=480000000
RCC.SAI4AFreq_Value=480000000
RCC.SAI4BFreq_Value=480000000
RCC.SDMMCFreq_Value=480000000
RCC.SPDIFRXFreq_Value=480000000
RCC.SPI123CLockSelection=RCC_SPI123CLKSOURCE_PLL3
RCC.SPI123Freq_Value=100000000
RCC.SPI45Freq_Value=120000000
RCC.SPI6Freq_Value=120000000
RCC.SWPMI1Freq_Value=120000000
RCC.SYSCLKFreq_VALUE=480000000
RCC.SYSCLKSource=RCC_SYSCLKSOURCE_PLLCLK
RCC.Tim1OutputFreq_Value=240000000
RCC.Tim2OutputFreq_Value=240000000
RCC.TraceFreq_Value=480000000
RCC.USART16Freq_Value=120000000
RCC.USART234578Freq_Value=120000000
RCC.USBCLockSelection=RCC_USBCLKSOURCE_HSI48
RCC.USBFreq_Value=48000000
RCC.VCO1OutputFreq_Value=960000000
RCC.VCO2OutputFreq_Value=192000000
RCC.VCO3OutputFreq_Value=200000000
RCC.VCOInput1Freq_Value=5000000
RCC.VCOInput2Freq_Value=1000000
RCC.VCOInput3Freq_Value=1000000
SH.FMC_A0.0=FMC_A0,13b-sda1
SH.FMC_A0.ConfNb=1
SH.FMC_A1.0=FMC_A1,13b-sda1
SH.FMC_A1.ConfNb=1
SH.FMC_A10.0=FMC_A10,13b-sda1
SH.FMC_A10.ConfNb=1
SH.FMC_A11.0=FMC_A11,13b-sda1
SH.FMC_A11.ConfNb=1
SH.FMC_A12.0=FMC_A12,13b-sda1
SH.FMC_A12.ConfNb=1
SH.FMC_A14_BA0.0=FMC_BA0,FourSdramBanks1
SH.FMC_A14_BA0.ConfNb=1
SH.FMC_A15_BA1.0=FMC_BA1,FourSdramBanks1
SH.FMC_A15_BA1.ConfNb=1
SH.FMC_A2.0=FMC_A2,13b-sda1
SH.FMC_A2.ConfNb=1
SH.FMC_A3.0=FMC_A3,13b-sda1
SH.FMC_A3.ConfNb=1
SH.FMC_A4.0=FMC_A4,13b-sda1
SH.FMC_A4.ConfNb=1
SH.FMC_A5.0=FMC_A5,13b-sda1
SH.FMC_A5.ConfNb=1
SH.FMC_A6.0=FMC_A6,13b-sda1
SH.FMC_A6.ConfNb=1
SH.FMC_A7.0=FMC_A7,13b-sda1
SH.FMC_A7.ConfNb=1
SH.FMC_A8.0=FMC_A8,13b-sda1
SH.FMC_A8.ConfNb=1
SH.FMC_A9.0=FMC_A9,13b-sda1
SH.FMC_A9.ConfNb=1
SH.FMC_D0_DA0.0=FMC_D0,sd-16b-d1
SH.FMC_D0_DA0.ConfNb=1
SH.FMC_D10_DA10.0=FMC_D10,sd-16b-d1
SH.FMC_D10_DA10.ConfNb=1
SH.FMC_D11_DA11.0=FMC_D11,sd-16b-d1
SH.FMC_D11_DA11.ConfNb=1
SH.FMC_D12_DA12.0=FMC_D12,sd-16b-d1
SH.FMC_D12_DA12.ConfNb=1
SH.FMC_D13_DA13.0=FMC_D13,sd-16b-d1
SH.FMC_D13_DA13.ConfNb=1
SH.FMC_D14_DA14.0=FMC_D14,sd-16b-d1
SH.FMC_D14_DA14.ConfNb=1
SH.FMC_D15_DA15.0=FMC_D15,sd-16b-d1
SH.FMC_D15_DA15.ConfNb=1
SH.FMC_D1_DA1.0=FMC_D1,sd-16b-d1
SH.FMC_D1_DA1.ConfNb=1
SH.FMC_D2_DA2.0=FMC_D2,sd-16b-d1
SH.FMC_D2_DA2.ConfNb=1
SH.FMC_D3_DA3.0=FMC_D3,sd-16b-d1
SH.FMC_D3_DA3.ConfNb=1
SH.FMC_D4_DA4.0=FMC_D4,sd-16b-d1
SH.FMC_D4_DA4.ConfNb=1
SH.FMC_D5_DA5.0=FMC_D5,sd-16b-d1
SH.FMC_D5_DA5.ConfNb=1
SH.FMC_D6_DA6.0=FMC_D6,sd-16b-d1
SH.FMC_D6_DA6.ConfNb=1
SH.FMC_D7_DA7.0=FMC_D7,sd-16b-d1
SH.FMC_D7_DA7.ConfNb=1
SH.FMC_D8_DA8.0=FMC_D8,sd-16b-d1
SH.FMC_D8_DA8.ConfNb=1
SH.FMC_D9_DA9.0=FMC_D9,sd-16b-d1
SH.FMC_D9_DA9.ConfNb=1
SH.FMC_NBL0.0=FMC_NBL0,Sd2ByteEnable1
SH.FMC_NBL0.ConfNb=1
SH.FMC_NBL1.0=FMC_NBL1,Sd2ByteEnable1
SH.FMC_NBL1.ConfNb=1
SH.FMC_SDCLK.0=FMC_SDCLK,13b-sda1
SH.FMC_SDCLK.ConfNb=1
SH.FMC_SDNCAS.0=FMC_SDNCAS,13b-sda1
SH.FMC_SDNCAS.ConfNb=1
SH.FMC_SDNRAS.0=FMC_SDNRAS,13b-sda1
SH.FMC_SDNRAS.ConfNb=1
SH.FMC_SDNWE.0=FMC_SDNWE,13b-sda1
SH.FMC_SDNWE.ConfNb=1
SH.S_TIM3_CH1.0=TIM3_CH1,PWM Generation1 CH1
SH.S_TIM3_CH1.ConfNb=1
SPI1.BaudRatePrescaler=SPI_BAUDRATEPRESCALER_4
SPI1.CalculateBaudRate=25.0 MBits/s
SPI1.DataSize=SPI_DATASIZE_8BIT
SPI1.Direction=SPI_DIRECTION_2LINES_TXONLY
SPI1.IPParameters=VirtualType,Mode,Direction,BaudRatePrescaler,CalculateBaudRate,DataSize,NSSPMode
SPI1.Mode=SPI_MODE_MASTER
SPI1.NSSPMode=SPI_NSS_PULSE_DISABLE
SPI1.VirtualType=VM_MASTER
TIM2.AutoReloadPreload=TIM_AUTORELOAD_PRELOAD_ENABLE
TIM2.IPParameters=Prescaler,Period,AutoReloadPreload
TIM2.Period=10-1
TIM2.Prescaler=48-1
TIM3.AutoReloadPreload=TIM_AUTORELOAD_PRELOAD_ENABLE
TIM3.Channel-PWM\ Generation1\ CH1=TIM_CHANNEL_1
TIM3.IPParameters=Channel-PWM Generation1 CH1,Prescaler,Period,AutoReloadPreload
TIM3.Period=20000-1
TIM3.Prescaler=240-1
USART1.BaudRate=9600
USART1.IPParameters=VirtualMode-Asynchronous,BaudRate
USART1.VirtualMode-Asynchronous=VM_ASYNC
USB_DEVICE.CLASS_NAME_FS=HID
USB_DEVICE.IPParameters=VirtualMode-HID_FS,VirtualModeFS,CLASS_NAME_FS
USB_DEVICE.VirtualMode-HID_FS=Hid
USB_DEVICE.VirtualModeFS=Hid_FS
USB_OTG_FS.IPParameters=VirtualMode
USB_OTG_FS.VirtualMode=Device_Only
VP_FREERTOS_VS_CMSIS_V1.Mode=CMSIS_V1
VP_FREERTOS_VS_CMSIS_V1.Signal=FREERTOS_VS_CMSIS_V1
VP_MEMORYMAP_VS_MEMORYMAP.Mode=CurAppReg
VP_MEMORYMAP_VS_MEMORYMAP.Signal=MEMORYMAP_VS_MEMORYMAP
VP_SYS_VS_tim17.Mode=TIM17
VP_SYS_VS_tim17.Signal=SYS_VS_tim17
VP_TIM2_VS_ClockSourceINT.Mode=Internal
VP_TIM2_VS_ClockSourceINT.Signal=TIM2_VS_ClockSourceINT
VP_TIM3_VS_ClockSourceINT.Mode=Internal
VP_TIM3_VS_ClockSourceINT.Signal=TIM3_VS_ClockSourceINT
VP_USB_DEVICE_VS_USB_DEVICE_HID_FS.Mode=HID_FS
VP_USB_DEVICE_VS_USB_DEVICE_HID_FS.Signal=USB_DEVICE_VS_USB_DEVICE_HID_FS
board=custom
rtos.0.ip=FREERTOS
isbadioc=false
